
Microsoft Visual Studio Solution File, Format Version 12.00
# Visual Studio Version 17
VisualStudioVersion = 17.4.33213.308
MinimumVisualStudioVersion = 10.0.40219.1
Project("{9A19103F-16F7-4668-BE54-9A1E7A4F7556}") = "Entities", "Entities\Entities.csproj", "{FBE079E5-40E6-4CEA-A168-9A8E2C3DBCD8}"
EndProject
Project("{FAE04EC0-301F-11D3-BF4B-00C04F79EFBC}") = "DAL", "DAL\DAL.csproj", "{4E7F4ED9-8A76-4496-ACCC-AC8D2F52D795}"
EndProject
Project("{FAE04EC0-301F-11D3-BF4B-00C04F79EFBC}") = "BackEnd", "BackEnd\BackEnd.csproj", "{7D2757FF-407C-4D3F-8544-97D28E9ACA6E}"
EndProject
Global
	GlobalSection(SolutionConfigurationPlatforms) = preSolution
		Debug|Any CPU = Debug|Any CPU
		Release|Any CPU = Release|Any CPU
	EndGlobalSection
	GlobalSection(ProjectConfigurationPlatforms) = postSolution
		{FBE079E5-40E6-4CEA-A168-9A8E2C3DBCD8}.Debug|Any CPU.ActiveCfg = Debug|Any CPU
		{FBE079E5-40E6-4CEA-A168-9A8E2C3DBCD8}.Debug|Any CPU.Build.0 = Debug|Any CPU
		{FBE079E5-40E6-4CEA-A168-9A8E2C3DBCD8}.Release|Any CPU.ActiveCfg = Release|Any CPU
		{FBE079E5-40E6-4CEA-A168-9A8E2C3DBCD8}.Release|Any CPU.Build.0 = Release|Any CPU
		{4E7F4ED9-8A76-4496-ACCC-AC8D2F52D795}.Debug|Any CPU.ActiveCfg = Debug|Any CPU
		{4E7F4ED9-8A76-4496-ACCC-AC8D2F52D795}.Debug|Any CPU.Build.0 = Debug|Any CPU
		{4E7F4ED9-8A76-4496-ACCC-AC8D2F52D795}.Release|Any CPU.ActiveCfg = Release|Any CPU
		{4E7F4ED9-8A76-4496-ACCC-AC8D2F52D795}.Release|Any CPU.Build.0 = Release|Any CPU
		{7D2757FF-407C-4D3F-8544-97D28E9ACA6E}.Debug|Any CPU.ActiveCfg = Debug|Any CPU
		{7D2757FF-407C-4D3F-8544-97D28E9ACA6E}.Debug|Any CPU.Build.0 = Debug|Any CPU
		{7D2757FF-407C-4D3F-8544-97D28E9ACA6E}.Release|Any CPU.ActiveCfg = Release|Any CPU
		{7D2757FF-407C-4D3F-8544-97D28E9ACA6E}.Release|Any CPU.Build.0 = Release|Any CPU
	EndGlobalSection
	GlobalSection(SolutionProperties) = preSolution
		HideSolutionNode = FALSE
	EndGlobalSection
	GlobalSection(ExtensibilityGlobals) = postSolution
		SolutionGuid = {571B5AA0-05FC-461C-97A0-DF3222042C4C}
	EndGlobalSection
EndGlobal
