
Microsoft Visual Studio Solution File, Format Version 12.00
# Visual Studio Version 17
VisualStudioVersion = 17.4.33213.308
MinimumVisualStudioVersion = 10.0.40219.1
Project("{FAE04EC0-301F-11D3-BF4B-00C04F79EFBC}") = "Entities", "Entities\Entities.csproj", "{FBE079E5-40E6-4CEA-A168-9A8E2C3DBCD8}"
EndProject
Global
	GlobalSection(SolutionConfigurationPlatforms) = preSolution
		Debug|Any CPU = Debug|Any CPU
		Release|Any CPU = Release|Any CPU
	EndGlobalSection
	GlobalSection(ProjectConfigurationPlatforms) = postSolution
		{FBE079E5-40E6-4CEA-A168-9A8E2C3DBCD8}.Debug|Any CPU.ActiveCfg = Debug|Any CPU
		{FBE079E5-40E6-4CEA-A168-9A8E2C3DBCD8}.Debug|Any CPU.Build.0 = Debug|Any CPU
		{FBE079E5-40E6-4CEA-A168-9A8E2C3DBCD8}.Release|Any CPU.ActiveCfg = Release|Any CPU
		{FBE079E5-40E6-4CEA-A168-9A8E2C3DBCD8}.Release|Any CPU.Build.0 = Release|Any CPU
	EndGlobalSection
	GlobalSection(SolutionProperties) = preSolution
		HideSolutionNode = FALSE
	EndGlobalSection
	GlobalSection(ExtensibilityGlobals) = postSolution
		SolutionGuid = {571B5AA0-05FC-461C-97A0-DF3222042C4C}
	EndGlobalSection
EndGlobal
